
Microsoft Visual Studio Solution File, Format Version 12.00
# Visual Studio Version 17
VisualStudioVersion = 17.9.34723.18
MinimumVisualStudioVersion = 10.0.40219.1
Project("{FAE04EC0-301F-11D3-BF4B-00C04F79EFBC}") = "Project", "Project\Project.csproj", "{8AA75CFE-5C67-40DF-A6BE-E9037D00036E}"
EndProject
Global
	GlobalSection(SolutionConfigurationPlatforms) = preSolution
		Debug|Any CPU = Debug|Any CPU
		Release|Any CPU = Release|Any CPU
	EndGlobalSection
	GlobalSection(ProjectConfigurationPlatforms) = postSolution
		{8AA75CFE-5C67-40DF-A6BE-E9037D00036E}.Debug|Any CPU.ActiveCfg = Debug|Any CPU
		{8AA75CFE-5C67-40DF-A6BE-E9037D00036E}.Debug|Any CPU.Build.0 = Debug|Any CPU
		{8AA75CFE-5C67-40DF-A6BE-E9037D00036E}.Release|Any CPU.ActiveCfg = Release|Any CPU
		{8AA75CFE-5C67-40DF-A6BE-E9037D00036E}.Release|Any CPU.Build.0 = Release|Any CPU
	EndGlobalSection
	GlobalSection(SolutionProperties) = preSolution
		HideSolutionNode = FALSE
	EndGlobalSection
	GlobalSection(ExtensibilityGlobals) = postSolution
		SolutionGuid = {46ED6151-AA1A-4C73-B5CF-715106143F3F}
	EndGlobalSection
EndGlobal
